
Microsoft Visual Studio Solution File, Format Version 12.00
# Visual Studio Version 16
VisualStudioVersion = 16.0.30114.105
MinimumVisualStudioVersion = 10.0.40219.1
Project("{FAE04EC0-301F-11D3-BF4B-00C04F79EFBC}") = "PaymentContext.Domain", "PaymentContext.Domain\PaymentContext.Domain.csproj", "{C28AA90B-ACA0-44F3-9CA0-0601ADC58E2D}"
EndProject
Project("{FAE04EC0-301F-11D3-BF4B-00C04F79EFBC}") = "PaymentContext.Shared", "PaymentContext.Shared\PaymentContext.Shared.csproj", "{8227F116-C5BE-4A39-A6EB-19B463D6F224}"
EndProject
Project("{FAE04EC0-301F-11D3-BF4B-00C04F79EFBC}") = "PaymentContext.Tests", "PaymentContext.Tests\PaymentContext.Tests.csproj", "{D956BA2D-CA6B-4348-B7E6-BDB23F8C0C7E}"
EndProject
Global
	GlobalSection(SolutionConfigurationPlatforms) = preSolution
		Debug|Any CPU = Debug|Any CPU
		Release|Any CPU = Release|Any CPU
	EndGlobalSection
	GlobalSection(SolutionProperties) = preSolution
		HideSolutionNode = FALSE
	EndGlobalSection
	GlobalSection(ProjectConfigurationPlatforms) = postSolution
		{C28AA90B-ACA0-44F3-9CA0-0601ADC58E2D}.Debug|Any CPU.ActiveCfg = Debug|Any CPU
		{C28AA90B-ACA0-44F3-9CA0-0601ADC58E2D}.Debug|Any CPU.Build.0 = Debug|Any CPU
		{C28AA90B-ACA0-44F3-9CA0-0601ADC58E2D}.Release|Any CPU.ActiveCfg = Release|Any CPU
		{C28AA90B-ACA0-44F3-9CA0-0601ADC58E2D}.Release|Any CPU.Build.0 = Release|Any CPU
		{8227F116-C5BE-4A39-A6EB-19B463D6F224}.Debug|Any CPU.ActiveCfg = Debug|Any CPU
		{8227F116-C5BE-4A39-A6EB-19B463D6F224}.Debug|Any CPU.Build.0 = Debug|Any CPU
		{8227F116-C5BE-4A39-A6EB-19B463D6F224}.Release|Any CPU.ActiveCfg = Release|Any CPU
		{8227F116-C5BE-4A39-A6EB-19B463D6F224}.Release|Any CPU.Build.0 = Release|Any CPU
		{D956BA2D-CA6B-4348-B7E6-BDB23F8C0C7E}.Debug|Any CPU.ActiveCfg = Debug|Any CPU
		{D956BA2D-CA6B-4348-B7E6-BDB23F8C0C7E}.Debug|Any CPU.Build.0 = Debug|Any CPU
		{D956BA2D-CA6B-4348-B7E6-BDB23F8C0C7E}.Release|Any CPU.ActiveCfg = Release|Any CPU
		{D956BA2D-CA6B-4348-B7E6-BDB23F8C0C7E}.Release|Any CPU.Build.0 = Release|Any CPU
	EndGlobalSection
EndGlobal
